{
  "requires": true,
  "lockfileVersion": 1,
  "dependencies": {
    "jstorage": {
      "version": "0.4.8",
      "resolved": "https://registry.npmjs.org/jstorage/-/jstorage-0.4.8.tgz",
      "integrity": "sha512-pfHVhk06UuuXAM+FAf2o8YCf6rPEmgWDd44BL1E0GlpphjsVYHt9fmRGKTkFPZY53ACW1TF3V0yk/JlZgrOYUg=="
    }
  }
}
